
Microsoft Visual Studio Solution File, Format Version 11.00
# Visual Studio 2010
Project("{E24C65DC-7377-472B-9ABA-BC803B73C61A}") = "JavascriptVersioning", "..\..\..\..\..\..\Rohini\JavascriptVersioning", "{7229DE9E-93DB-43DF-B6A4-22ED6B396806}"
	ProjectSection(WebsiteProperties) = preProject
		TargetFrameworkMoniker = ".NETFramework,Version%3Dv4.0"
		Debug.AspNetCompiler.VirtualPath = "/JavascriptVersioning"
		Debug.AspNetCompiler.PhysicalPath = "..\..\..\..\..\..\Rohini\JavascriptVersioning\"
		Debug.AspNetCompiler.TargetPath = "PrecompiledWeb\JavascriptVersioning\"
		Debug.AspNetCompiler.Updateable = "true"
		Debug.AspNetCompiler.ForceOverwrite = "true"
		Debug.AspNetCompiler.FixedNames = "false"
		Debug.AspNetCompiler.Debug = "True"
		Release.AspNetCompiler.VirtualPath = "/JavascriptVersioning"
		Release.AspNetCompiler.PhysicalPath = "..\..\..\..\..\..\Rohini\JavascriptVersioning\"
		Release.AspNetCompiler.TargetPath = "PrecompiledWeb\JavascriptVersioning\"
		Release.AspNetCompiler.Updateable = "true"
		Release.AspNetCompiler.ForceOverwrite = "true"
		Release.AspNetCompiler.FixedNames = "false"
		Release.AspNetCompiler.Debug = "False"
		VWDPort = "53942"
		DefaultWebSiteLanguage = "Visual C#"
	EndProjectSection
EndProject
Global
	GlobalSection(SolutionConfigurationPlatforms) = preSolution
		Debug|Any CPU = Debug|Any CPU
	EndGlobalSection
	GlobalSection(ProjectConfigurationPlatforms) = postSolution
		{7229DE9E-93DB-43DF-B6A4-22ED6B396806}.Debug|Any CPU.ActiveCfg = Debug|Any CPU
		{7229DE9E-93DB-43DF-B6A4-22ED6B396806}.Debug|Any CPU.Build.0 = Debug|Any CPU
	EndGlobalSection
	GlobalSection(SolutionProperties) = preSolution
		HideSolutionNode = FALSE
	EndGlobalSection
EndGlobal
