
Microsoft Visual Studio Solution File, Format Version 11.00
# Visual Studio 2010
Project("{E24C65DC-7377-472B-9ABA-BC803B73C61A}") = "CrystalReportDemo", "..\..\..\..\..\..\Rohini\CrystalReportDemo\", "{4A0DE6A8-45D1-44E3-B65A-21AC9777CDAD}"
	ProjectSection(WebsiteProperties) = preProject
		TargetFrameworkMoniker = ".NETFramework,Version%3Dv4.0"
		Debug.AspNetCompiler.VirtualPath = "/CrystalReportDemo"
		Debug.AspNetCompiler.PhysicalPath = "..\..\..\..\..\..\Rohini\CrystalReportDemo\"
		Debug.AspNetCompiler.TargetPath = "PrecompiledWeb\CrystalReportDemo\"
		Debug.AspNetCompiler.Updateable = "true"
		Debug.AspNetCompiler.ForceOverwrite = "true"
		Debug.AspNetCompiler.FixedNames = "false"
		Debug.AspNetCompiler.Debug = "True"
		Release.AspNetCompiler.VirtualPath = "/CrystalReportDemo"
		Release.AspNetCompiler.PhysicalPath = "..\..\..\..\..\..\Rohini\CrystalReportDemo\"
		Release.AspNetCompiler.TargetPath = "PrecompiledWeb\CrystalReportDemo\"
		Release.AspNetCompiler.Updateable = "true"
		Release.AspNetCompiler.ForceOverwrite = "true"
		Release.AspNetCompiler.FixedNames = "false"
		Release.AspNetCompiler.Debug = "False"
		VWDPort = "10797"
		DefaultWebSiteLanguage = "Visual C#"
	EndProjectSection
EndProject
Global
	GlobalSection(SolutionConfigurationPlatforms) = preSolution
		Debug|Any CPU = Debug|Any CPU
	EndGlobalSection
	GlobalSection(ProjectConfigurationPlatforms) = postSolution
		{4A0DE6A8-45D1-44E3-B65A-21AC9777CDAD}.Debug|Any CPU.ActiveCfg = Debug|Any CPU
		{4A0DE6A8-45D1-44E3-B65A-21AC9777CDAD}.Debug|Any CPU.Build.0 = Debug|Any CPU
	EndGlobalSection
	GlobalSection(SolutionProperties) = preSolution
		HideSolutionNode = FALSE
	EndGlobalSection
EndGlobal
