
Microsoft Visual Studio Solution File, Format Version 11.00
# Visual Studio 2010
Project("{E24C65DC-7377-472B-9ABA-BC803B73C61A}") = "FirstWCFDemo", "..\..\..\..\..\..\Rohini\WCF\FirstWCFDemo\", "{9DA32CA1-EDC6-4B6B-9859-F2FA2471B53F}"
	ProjectSection(WebsiteProperties) = preProject
		TargetFrameworkMoniker = ".NETFramework,Version%3Dv4.0"
		Debug.AspNetCompiler.VirtualPath = "/FirstWCFDemo"
		Debug.AspNetCompiler.PhysicalPath = "..\..\..\..\..\..\Rohini\WCF\FirstWCFDemo\"
		Debug.AspNetCompiler.TargetPath = "PrecompiledWeb\FirstWCFDemo\"
		Debug.AspNetCompiler.Updateable = "true"
		Debug.AspNetCompiler.ForceOverwrite = "true"
		Debug.AspNetCompiler.FixedNames = "false"
		Debug.AspNetCompiler.Debug = "True"
		Release.AspNetCompiler.VirtualPath = "/FirstWCFDemo"
		Release.AspNetCompiler.PhysicalPath = "..\..\..\..\..\..\Rohini\WCF\FirstWCFDemo\"
		Release.AspNetCompiler.TargetPath = "PrecompiledWeb\FirstWCFDemo\"
		Release.AspNetCompiler.Updateable = "true"
		Release.AspNetCompiler.ForceOverwrite = "true"
		Release.AspNetCompiler.FixedNames = "false"
		Release.AspNetCompiler.Debug = "False"
		VWDPort = "4820"
		DefaultWebSiteLanguage = "Visual C#"
	EndProjectSection
EndProject
Global
	GlobalSection(SolutionConfigurationPlatforms) = preSolution
		Debug|Any CPU = Debug|Any CPU
	EndGlobalSection
	GlobalSection(ProjectConfigurationPlatforms) = postSolution
		{9DA32CA1-EDC6-4B6B-9859-F2FA2471B53F}.Debug|Any CPU.ActiveCfg = Debug|Any CPU
		{9DA32CA1-EDC6-4B6B-9859-F2FA2471B53F}.Debug|Any CPU.Build.0 = Debug|Any CPU
	EndGlobalSection
	GlobalSection(SolutionProperties) = preSolution
		HideSolutionNode = FALSE
	EndGlobalSection
EndGlobal
